
Microsoft Visual Studio Solution File, Format Version 12.00
# Visual Studio 15
VisualStudioVersion = 15.0.27703.2000
MinimumVisualStudioVersion = 10.0.40219.1
Project("{FAE04EC0-301F-11D3-BF4B-00C04F79EFBC}") = "EtwConsumer", "EtwConsumer\EtwConsumer.csproj", "{EE0AB704-AFE5-40DB-9F65-2C25BBADF24A}"
EndProject
Global
	GlobalSection(SolutionConfigurationPlatforms) = preSolution
		Debug|Any CPU = Debug|Any CPU
		Release|Any CPU = Release|Any CPU
	EndGlobalSection
	GlobalSection(ProjectConfigurationPlatforms) = postSolution
		{EE0AB704-AFE5-40DB-9F65-2C25BBADF24A}.Debug|Any CPU.ActiveCfg = Debug|Any CPU
		{EE0AB704-AFE5-40DB-9F65-2C25BBADF24A}.Debug|Any CPU.Build.0 = Debug|Any CPU
		{EE0AB704-AFE5-40DB-9F65-2C25BBADF24A}.Release|Any CPU.ActiveCfg = Release|Any CPU
		{EE0AB704-AFE5-40DB-9F65-2C25BBADF24A}.Release|Any CPU.Build.0 = Release|Any CPU
	EndGlobalSection
	GlobalSection(SolutionProperties) = preSolution
		HideSolutionNode = FALSE
	EndGlobalSection
	GlobalSection(ExtensibilityGlobals) = postSolution
		SolutionGuid = {C38F90C1-423F-4591-B00B-6E367EC9BAD9}
	EndGlobalSection
EndGlobal
